// !$*UTF8*$!
{
	archiveVersion = 1;
	classes = {
	};
	objectVersion = 50;
	objects = {

/* Begin PBXBuildFile section */
		E7A79E0E25AC6CED00EEC40E /* AppDelegate.swift in Sources */ = {isa = PBXBuildFile; fileRef = E7A79E0D25AC6CED00EEC40E /* AppDelegate.swift */; };
		E7A79E1025AC6CED00EEC40E /* SceneDelegate.swift in Sources */ = {isa = PBXBuildFile; fileRef = E7A79E0F25AC6CED00EEC40E /* SceneDelegate.swift */; };
		E7A79E1225AC6CED00EEC40E /* ContentView.swift in Sources */ = {isa = PBXBuildFile; fileRef = E7A79E1125AC6CED00EEC40E /* ContentView.swift */; };
		E7A79E1425AC6CF000EEC40E /* Assets.xcassets in Resources */ = {isa = PBXBuildFile; fileRef = E7A79E1325AC6CF000EEC40E /* Assets.xcassets */; };
		E7A79E1725AC6CF000EEC40E /* Preview Assets.xcassets in Resources */ = {isa = PBXBuildFile; fileRef = E7A79E1625AC6CF000EEC40E /* Preview Assets.xcassets */; };
		E7A79E1A25AC6CF000EEC40E /* LaunchScreen.storyboard in Resources */ = {isa = PBXBuildFile; fileRef = E7A79E1825AC6CF000EEC40E /* LaunchScreen.storyboard */; };
		E7A79E2325AC79EB00EEC40E /* LoginScreen.swift in Sources */ = {isa = PBXBuildFile; fileRef = E7A79E2225AC79EB00EEC40E /* LoginScreen.swift */; };
		E7A79E2725AF2F0A00EEC40E /* HomeScreen.swift in Sources */ = {isa = PBXBuildFile; fileRef = E7A79E2625AF2F0A00EEC40E /* HomeScreen.swift */; };
		E7A79E2925B294EA00EEC40E /* SignupScreen.swift in Sources */ = {isa = PBXBuildFile; fileRef = E7A79E2825B294EA00EEC40E /* SignupScreen.swift */; };
		E7A79E2B25B701A100EEC40E /* MtCard.swift in Sources */ = {isa = PBXBuildFile; fileRef = E7A79E2A25B701A100EEC40E /* MtCard.swift */; };
		E7CA5F8425B851E1004682AD /* CreateMtScreen.swift in Sources */ = {isa = PBXBuildFile; fileRef = E7CA5F8325B851E1004682AD /* CreateMtScreen.swift */; };
		E7CA5F8725B8579D004682AD /* DetailMtScreen.swift in Sources */ = {isa = PBXBuildFile; fileRef = E7CA5F8625B8579D004682AD /* DetailMtScreen.swift */; };
		E7CA5F8B25B85AD0004682AD /* GestureController.swift in Sources */ = {isa = PBXBuildFile; fileRef = E7CA5F8A25B85AD0004682AD /* GestureController.swift */; };
		E7CA5F9525B86232004682AD /* MtPeopleCard.swift in Sources */ = {isa = PBXBuildFile; fileRef = E7CA5F9425B86232004682AD /* MtPeopleCard.swift */; };
/* End PBXBuildFile section */

/* Begin PBXCopyFilesBuildPhase section */
		E70E38F025C5294F004057AA /* Embed Frameworks */ = {
			isa = PBXCopyFilesBuildPhase;
			buildActionMask = 2147483647;
			dstPath = "";
			dstSubfolderSpec = 10;
			files = (
			);
			name = "Embed Frameworks";
			runOnlyForDeploymentPostprocessing = 0;
		};
/* End PBXCopyFilesBuildPhase section */

/* Begin PBXFileReference section */
		E7A79E0A25AC6CED00EEC40E /* Meeting4u.app */ = {isa = PBXFileReference; explicitFileType = wrapper.application; includeInIndex = 0; path = Meeting4u.app; sourceTree = BUILT_PRODUCTS_DIR; };
		E7A79E0D25AC6CED00EEC40E /* AppDelegate.swift */ = {isa = PBXFileReference; lastKnownFileType = sourcecode.swift; path = AppDelegate.swift; sourceTree = "<group>"; };
		E7A79E0F25AC6CED00EEC40E /* SceneDelegate.swift */ = {isa = PBXFileReference; lastKnownFileType = sourcecode.swift; path = SceneDelegate.swift; sourceTree = "<group>"; };
		E7A79E1125AC6CED00EEC40E /* ContentView.swift */ = {isa = PBXFileReference; lastKnownFileType = sourcecode.swift; path = ContentView.swift; sourceTree = "<group>"; };
		E7A79E1325AC6CF000EEC40E /* Assets.xcassets */ = {isa = PBXFileReference; lastKnownFileType = folder.assetcatalog; path = Assets.xcassets; sourceTree = "<group>"; };
		E7A79E1625AC6CF000EEC40E /* Preview Assets.xcassets */ = {isa = PBXFileReference; lastKnownFileType = folder.assetcatalog; path = "Preview Assets.xcassets"; sourceTree = "<group>"; };
		E7A79E1925AC6CF000EEC40E /* Base */ = {isa = PBXFileReference; lastKnownFileType = file.storyboard; name = Base; path = Base.lproj/LaunchScreen.storyboard; sourceTree = "<group>"; };
		E7A79E1B25AC6CF000EEC40E /* Info.plist */ = {isa = PBXFileReference; lastKnownFileType = text.plist.xml; path = Info.plist; sourceTree = "<group>"; };
		E7A79E2225AC79EB00EEC40E /* LoginScreen.swift */ = {isa = PBXFileReference; lastKnownFileType = sourcecode.swift; path = LoginScreen.swift; sourceTree = "<group>"; };
		E7A79E2625AF2F0A00EEC40E /* HomeScreen.swift */ = {isa = PBXFileReference; lastKnownFileType = sourcecode.swift; path = HomeScreen.swift; sourceTree = "<group>"; };
		E7A79E2825B294EA00EEC40E /* SignupScreen.swift */ = {isa = PBXFileReference; lastKnownFileType = sourcecode.swift; path = SignupScreen.swift; sourceTree = "<group>"; };
		E7A79E2A25B701A100EEC40E /* MtCard.swift */ = {isa = PBXFileReference; lastKnownFileType = sourcecode.swift; path = MtCard.swift; sourceTree = "<group>"; };
		E7CA5F8325B851E1004682AD /* CreateMtScreen.swift */ = {isa = PBXFileReference; lastKnownFileType = sourcecode.swift; path = CreateMtScreen.swift; sourceTree = "<group>"; };
		E7CA5F8625B8579D004682AD /* DetailMtScreen.swift */ = {isa = PBXFileReference; lastKnownFileType = sourcecode.swift; path = DetailMtScreen.swift; sourceTree = "<group>"; };
		E7CA5F8A25B85AD0004682AD /* GestureController.swift */ = {isa = PBXFileReference; lastKnownFileType = sourcecode.swift; path = GestureController.swift; sourceTree = "<group>"; };
		E7CA5F9425B86232004682AD /* MtPeopleCard.swift */ = {isa = PBXFileReference; lastKnownFileType = sourcecode.swift; path = MtPeopleCard.swift; sourceTree = "<group>"; };
/* End PBXFileReference section */

/* Begin PBXFrameworksBuildPhase section */
		E7A79E0725AC6CED00EEC40E /* Frameworks */ = {
			isa = PBXFrameworksBuildPhase;
			buildActionMask = 2147483647;
			files = (
			);
			runOnlyForDeploymentPostprocessing = 0;
		};
/* End PBXFrameworksBuildPhase section */

/* Begin PBXGroup section */
		E7A79E0125AC6CED00EEC40E = {
			isa = PBXGroup;
			children = (
				E7A79E0C25AC6CED00EEC40E /* Meeting4u */,
				E7A79E0B25AC6CED00EEC40E /* Products */,
			);
			sourceTree = "<group>";
		};
		E7A79E0B25AC6CED00EEC40E /* Products */ = {
			isa = PBXGroup;
			children = (
				E7A79E0A25AC6CED00EEC40E /* Meeting4u.app */,
			);
			name = Products;
			sourceTree = "<group>";
		};
		E7A79E0C25AC6CED00EEC40E /* Meeting4u */ = {
			isa = PBXGroup;
			children = (
				E7CA5F8E25B8613F004682AD /* Item */,
				E7CA5F8925B85AAC004682AD /* Controller */,
				E7A79E2125AC79D400EEC40E /* Screen */,
				E7A79E0D25AC6CED00EEC40E /* AppDelegate.swift */,
				E7A79E0F25AC6CED00EEC40E /* SceneDelegate.swift */,
				E7A79E1125AC6CED00EEC40E /* ContentView.swift */,
				E7A79E1325AC6CF000EEC40E /* Assets.xcassets */,
				E7A79E1825AC6CF000EEC40E /* LaunchScreen.storyboard */,
				E7A79E1B25AC6CF000EEC40E /* Info.plist */,
				E7A79E1525AC6CF000EEC40E /* Preview Content */,
			);
			path = Meeting4u;
			sourceTree = "<group>";
		};
		E7A79E1525AC6CF000EEC40E /* Preview Content */ = {
			isa = PBXGroup;
			children = (
				E7A79E1625AC6CF000EEC40E /* Preview Assets.xcassets */,
			);
			path = "Preview Content";
			sourceTree = "<group>";
		};
		E7A79E2125AC79D400EEC40E /* Screen */ = {
			isa = PBXGroup;
			children = (
				E7A79E2225AC79EB00EEC40E /* LoginScreen.swift */,
				E7A79E2625AF2F0A00EEC40E /* HomeScreen.swift */,
				E7A79E2825B294EA00EEC40E /* SignupScreen.swift */,
				E7CA5F8325B851E1004682AD /* CreateMtScreen.swift */,
				E7CA5F8625B8579D004682AD /* DetailMtScreen.swift */,
			);
			path = Screen;
			sourceTree = "<group>";
		};
		E7CA5F8925B85AAC004682AD /* Controller */ = {
			isa = PBXGroup;
			children = (
				E7CA5F8A25B85AD0004682AD /* GestureController.swift */,
			);
			path = Controller;
			sourceTree = "<group>";
		};
		E7CA5F8E25B8613F004682AD /* Item */ = {
			isa = PBXGroup;
			children = (
				E7A79E2A25B701A100EEC40E /* MtCard.swift */,
				E7CA5F9425B86232004682AD /* MtPeopleCard.swift */,
			);
			path = Item;
			sourceTree = "<group>";
		};
/* End PBXGroup section */

/* Begin PBXNativeTarget section */
		E7A79E0925AC6CED00EEC40E /* Meeting4u */ = {
			isa = PBXNativeTarget;
			buildConfigurationList = E7A79E1E25AC6CF000EEC40E /* Build configuration list for PBXNativeTarget "Meeting4u" */;
			buildPhases = (
				E7A79E0625AC6CED00EEC40E /* Sources */,
				E7A79E0725AC6CED00EEC40E /* Frameworks */,
				E7A79E0825AC6CED00EEC40E /* Resources */,
				E70E38F025C5294F004057AA /* Embed Frameworks */,
			);
			buildRules = (
			);
			dependencies = (
			);
			name = Meeting4u;
			productName = Meeting4u;
			productReference = E7A79E0A25AC6CED00EEC40E /* Meeting4u.app */;
			productType = "com.apple.product-type.application";
		};
/* End PBXNativeTarget section */

/* Begin PBXProject section */
		E7A79E0225AC6CED00EEC40E /* Project object */ = {
			isa = PBXProject;
			attributes = {
				LastSwiftUpdateCheck = 1160;
				LastUpgradeCheck = 1160;
				ORGANIZATIONNAME = Jeong;
				TargetAttributes = {
					E7A79E0925AC6CED00EEC40E = {
						CreatedOnToolsVersion = 11.6;
					};
				};
			};
			buildConfigurationList = E7A79E0525AC6CED00EEC40E /* Build configuration list for PBXProject "Meeting4u" */;
			compatibilityVersion = "Xcode 9.3";
			developmentRegion = en;
			hasScannedForEncodings = 0;
			knownRegions = (
				en,
				Base,
			);
			mainGroup = E7A79E0125AC6CED00EEC40E;
			productRefGroup = E7A79E0B25AC6CED00EEC40E /* Products */;
			projectDirPath = "";
			projectRoot = "";
			targets = (
				E7A79E0925AC6CED00EEC40E /* Meeting4u */,
			);
		};
/* End PBXProject section */

/* Begin PBXResourcesBuildPhase section */
		E7A79E0825AC6CED00EEC40E /* Resources */ = {
			isa = PBXResourcesBuildPhase;
			buildActionMask = 2147483647;
			files = (
				E7A79E1A25AC6CF000EEC40E /* LaunchScreen.storyboard in Resources */,
				E7A79E1725AC6CF000EEC40E /* Preview Assets.xcassets in Resources */,
				E7A79E1425AC6CF000EEC40E /* Assets.xcassets in Resources */,
			);
			runOnlyForDeploymentPostprocessing = 0;
		};
/* End PBXResourcesBuildPhase section */

/* Begin PBXSourcesBuildPhase section */
		E7A79E0625AC6CED00EEC40E /* Sources */ = {
			isa = PBXSourcesBuildPhase;
			buildActionMask = 2147483647;
			files = (
				E7A79E0E25AC6CED00EEC40E /* AppDelegate.swift in Sources */,
				E7A79E2925B294EA00EEC40E /* SignupScreen.swift in Sources */,
				E7A79E2725AF2F0A00EEC40E /* HomeScreen.swift in Sources */,
				E7A79E2325AC79EB00EEC40E /* LoginScreen.swift in Sources */,
				E7CA5F8725B8579D004682AD /* DetailMtScreen.swift in Sources */,
				E7CA5F8B25B85AD0004682AD /* GestureController.swift in Sources */,
				E7CA5F8425B851E1004682AD /* CreateMtScreen.swift in Sources */,
				E7A79E2B25B701A100EEC40E /* MtCard.swift in Sources */,
				E7A79E1025AC6CED00EEC40E /* SceneDelegate.swift in Sources */,
				E7CA5F9525B86232004682AD /* MtPeopleCard.swift in Sources */,
				E7A79E1225AC6CED00EEC40E /* ContentView.swift in Sources */,
			);
			runOnlyForDeploymentPostprocessing = 0;
		};
/* End PBXSourcesBuildPhase section */

/* Begin PBXVariantGroup section */
		E7A79E1825AC6CF000EEC40E /* LaunchScreen.storyboard */ = {
			isa = PBXVariantGroup;
			children = (
				E7A79E1925AC6CF000EEC40E /* Base */,
			);
			name = LaunchScreen.storyboard;
			sourceTree = "<group>";
		};
/* End PBXVariantGroup section */

/* Begin XCBuildConfiguration section */
		E7A79E1C25AC6CF000EEC40E /* Debug */ = {
			isa = XCBuildConfiguration;
			buildSettings = {
				ALWAYS_SEARCH_USER_PATHS = NO;
				CLANG_ANALYZER_NONNULL = YES;
				CLANG_ANALYZER_NUMBER_OBJECT_CONVERSION = YES_AGGRESSIVE;
				CLANG_CXX_LANGUAGE_STANDARD = "gnu++14";
				CLANG_CXX_LIBRARY = "libc++";
				CLANG_ENABLE_MODULES = YES;
				CLANG_ENABLE_OBJC_ARC = YES;
				CLANG_ENABLE_OBJC_WEAK = YES;
				CLANG_WARN_BLOCK_CAPTURE_AUTORELEASING = YES;
				CLANG_WARN_BOOL_CONVERSION = YES;
				CLANG_WARN_COMMA = YES;
				CLANG_WARN_CONSTANT_CONVERSION = YES;
				CLANG_WARN_DEPRECATED_OBJC_IMPLEMENTATIONS = YES;
				CLANG_WARN_DIRECT_OBJC_ISA_USAGE = YES_ERROR;
				CLANG_WARN_DOCUMENTATION_COMMENTS = YES;
				CLANG_WARN_EMPTY_BODY = YES;
				CLANG_WARN_ENUM_CONVERSION = YES;
				CLANG_WARN_INFINITE_RECURSION = YES;
				CLANG_WARN_INT_CONVERSION = YES;
				CLANG_WARN_NON_LITERAL_NULL_CONVERSION = YES;
				CLANG_WARN_OBJC_IMPLICIT_RETAIN_SELF = YES;
				CLANG_WARN_OBJC_LITERAL_CONVERSION = YES;
				CLANG_WARN_OBJC_ROOT_CLASS = YES_ERROR;
				CLANG_WARN_RANGE_LOOP_ANALYSIS = YES;
				CLANG_WARN_STRICT_PROTOTYPES = YES;
				CLANG_WARN_SUSPICIOUS_MOVE = YES;
				CLANG_WARN_UNGUARDED_AVAILABILITY = YES_AGGRESSIVE;
				CLANG_WARN_UNREACHABLE_CODE = YES;
				CLANG_WARN__DUPLICATE_METHOD_MATCH = YES;
				COPY_PHASE_STRIP = NO;
				DEBUG_INFORMATION_FORMAT = dwarf;
				ENABLE_STRICT_OBJC_MSGSEND = YES;
				ENABLE_TESTABILITY = YES;
				GCC_C_LANGUAGE_STANDARD = gnu11;
				GCC_DYNAMIC_NO_PIC = NO;
				GCC_NO_COMMON_BLOCKS = YES;
				GCC_OPTIMIZATION_LEVEL = 0;
				GCC_PREPROCESSOR_DEFINITIONS = (
					"DEBUG=1",
					"$(inherited)",
				);
				GCC_WARN_64_TO_32_BIT_CONVERSION = YES;
				GCC_WARN_ABOUT_RETURN_TYPE = YES_ERROR;
				GCC_WARN_UNDECLARED_SELECTOR = YES;
				GCC_WARN_UNINITIALIZED_AUTOS = YES_AGGRESSIVE;
				GCC_WARN_UNUSED_FUNCTION = YES;
				GCC_WARN_UNUSED_VARIABLE = YES;
				IPHONEOS_DEPLOYMENT_TARGET = 13.6;
				MTL_ENABLE_DEBUG_INFO = INCLUDE_SOURCE;
				MTL_FAST_MATH = YES;
				ONLY_ACTIVE_ARCH = YES;
				SDKROOT = iphoneos;
				SWIFT_ACTIVE_COMPILATION_CONDITIONS = DEBUG;
				SWIFT_OPTIMIZATION_LEVEL = "-Onone";
			};
			name = Debug;
		};
		E7A79E1D25AC6CF000EEC40E /* Release */ = {
			isa = XCBuildConfiguration;
			buildSettings = {
				ALWAYS_SEARCH_USER_PATHS = NO;
				CLANG_ANALYZER_NONNULL = YES;
				CLANG_ANALYZER_NUMBER_OBJECT_CONVERSION = YES_AGGRESSIVE;
				CLANG_CXX_LANGUAGE_STANDARD = "gnu++14";
				CLANG_CXX_LIBRARY = "libc++";
				CLANG_ENABLE_MODULES = YES;
				CLANG_ENABLE_OBJC_ARC = YES;
				CLANG_ENABLE_OBJC_WEAK = YES;
				CLANG_WARN_BLOCK_CAPTURE_AUTORELEASING = YES;
				CLANG_WARN_BOOL_CONVERSION = YES;
				CLANG_WARN_COMMA = YES;
				CLANG_WARN_CONSTANT_CONVERSION = YES;
				CLANG_WARN_DEPRECATED_OBJC_IMPLEMENTATIONS = YES;
				CLANG_WARN_DIRECT_OBJC_ISA_USAGE = YES_ERROR;
				CLANG_WARN_DOCUMENTATION_COMMENTS = YES;
				CLANG_WARN_EMPTY_BODY = YES;
				CLANG_WARN_ENUM_CONVERSION = YES;
				CLANG_WARN_INFINITE_RECURSION = YES;
				CLANG_WARN_INT_CONVERSION = YES;
				CLANG_WARN_NON_LITERAL_NULL_CONVERSION = YES;
				CLANG_WARN_OBJC_IMPLICIT_RETAIN_SELF = YES;
				CLANG_WARN_OBJC_LITERAL_CONVERSION = YES;
				CLANG_WARN_OBJC_ROOT_CLASS = YES_ERROR;
				CLANG_WARN_RANGE_LOOP_ANALYSIS = YES;
				CLANG_WARN_STRICT_PROTOTYPES = YES;
				CLANG_WARN_SUSPICIOUS_MOVE = YES;
				CLANG_WARN_UNGUARDED_AVAILABILITY = YES_AGGRESSIVE;
				CLANG_WARN_UNREACHABLE_CODE = YES;
				CLANG_WARN__DUPLICATE_METHOD_MATCH = YES;
				COPY_PHASE_STRIP = NO;
				DEBUG_INFORMATION_FORMAT = "dwarf-with-dsym";
				ENABLE_NS_ASSERTIONS = NO;
				ENABLE_STRICT_OBJC_MSGSEND = YES;
				GCC_C_LANGUAGE_STANDARD = gnu11;
				GCC_NO_COMMON_BLOCKS = YES;
				GCC_WARN_64_TO_32_BIT_CONVERSION = YES;
				GCC_WARN_ABOUT_RETURN_TYPE = YES_ERROR;
				GCC_WARN_UNDECLARED_SELECTOR = YES;
				GCC_WARN_UNINITIALIZED_AUTOS = YES_AGGRESSIVE;
				GCC_WARN_UNUSED_FUNCTION = YES;
				GCC_WARN_UNUSED_VARIABLE = YES;
				IPHONEOS_DEPLOYMENT_TARGET = 13.6;
				MTL_ENABLE_DEBUG_INFO = NO;
				MTL_FAST_MATH = YES;
				SDKROOT = iphoneos;
				SWIFT_COMPILATION_MODE = wholemodule;
				SWIFT_OPTIMIZATION_LEVEL = "-O";
				VALIDATE_PRODUCT = YES;
			};
			name = Release;
		};
		E7A79E1F25AC6CF000EEC40E /* Debug */ = {
			isa = XCBuildConfiguration;
			buildSettings = {
				ASSETCATALOG_COMPILER_APPICON_NAME = AppIcon;
				CODE_SIGN_STYLE = Automatic;
				DEVELOPMENT_ASSET_PATHS = "\"Meeting4u/Preview Content\"";
				DEVELOPMENT_TEAM = 5VPZU4RB4D;
				ENABLE_PREVIEWS = YES;
				INFOPLIST_FILE = Meeting4u/Info.plist;
				LD_RUNPATH_SEARCH_PATHS = (
					"$(inherited)",
					"@executable_path/Frameworks",
				);
				PRODUCT_BUNDLE_IDENTIFIER = com.Meeting4u;
				PRODUCT_NAME = "$(TARGET_NAME)";
				SWIFT_VERSION = 5.0;
				TARGETED_DEVICE_FAMILY = "1,2";
			};
			name = Debug;
		};
		E7A79E2025AC6CF000EEC40E /* Release */ = {
			isa = XCBuildConfiguration;
			buildSettings = {
				ASSETCATALOG_COMPILER_APPICON_NAME = AppIcon;
				CODE_SIGN_STYLE = Automatic;
				DEVELOPMENT_ASSET_PATHS = "\"Meeting4u/Preview Content\"";
				DEVELOPMENT_TEAM = 5VPZU4RB4D;
				ENABLE_PREVIEWS = YES;
				INFOPLIST_FILE = Meeting4u/Info.plist;
				LD_RUNPATH_SEARCH_PATHS = (
					"$(inherited)",
					"@executable_path/Frameworks",
				);
				PRODUCT_BUNDLE_IDENTIFIER = com.Meeting4u;
				PRODUCT_NAME = "$(TARGET_NAME)";
				SWIFT_VERSION = 5.0;
				TARGETED_DEVICE_FAMILY = "1,2";
			};
			name = Release;
		};
/* End XCBuildConfiguration section */

/* Begin XCConfigurationList section */
		E7A79E0525AC6CED00EEC40E /* Build configuration list for PBXProject "Meeting4u" */ = {
			isa = XCConfigurationList;
			buildConfigurations = (
				E7A79E1C25AC6CF000EEC40E /* Debug */,
				E7A79E1D25AC6CF000EEC40E /* Release */,
			);
			defaultConfigurationIsVisible = 0;
			defaultConfigurationName = Release;
		};
		E7A79E1E25AC6CF000EEC40E /* Build configuration list for PBXNativeTarget "Meeting4u" */ = {
			isa = XCConfigurationList;
			buildConfigurations = (
				E7A79E1F25AC6CF000EEC40E /* Debug */,
				E7A79E2025AC6CF000EEC40E /* Release */,
			);
			defaultConfigurationIsVisible = 0;
			defaultConfigurationName = Release;
		};
/* End XCConfigurationList section */
	};
	rootObject = E7A79E0225AC6CED00EEC40E /* Project object */;
}
